
Microsoft Visual Studio Solution File, Format Version 12.00
# Visual Studio 15
VisualStudioVersion = 15.0.27428.2005
MinimumVisualStudioVersion = 10.0.40219.1
Project("{FAE04EC0-301F-11D3-BF4B-00C04F79EFBC}") = "PairMatch", "Pair Match\PairMatch.csproj", "{CBD8A19E-8117-41C7-AF6C-D6AB03D4D3FC}"
EndProject
Global
	GlobalSection(SolutionConfigurationPlatforms) = preSolution
		Debug|Any CPU = Debug|Any CPU
		Release|Any CPU = Release|Any CPU
	EndGlobalSection
	GlobalSection(ProjectConfigurationPlatforms) = postSolution
		{CBD8A19E-8117-41C7-AF6C-D6AB03D4D3FC}.Debug|Any CPU.ActiveCfg = Debug|Any CPU
		{CBD8A19E-8117-41C7-AF6C-D6AB03D4D3FC}.Debug|Any CPU.Build.0 = Debug|Any CPU
		{CBD8A19E-8117-41C7-AF6C-D6AB03D4D3FC}.Release|Any CPU.ActiveCfg = Release|Any CPU
		{CBD8A19E-8117-41C7-AF6C-D6AB03D4D3FC}.Release|Any CPU.Build.0 = Release|Any CPU
	EndGlobalSection
	GlobalSection(SolutionProperties) = preSolution
		HideSolutionNode = FALSE
	EndGlobalSection
	GlobalSection(ExtensibilityGlobals) = postSolution
		SolutionGuid = {EC364658-817C-4862-BAD9-4F1193CCC41A}
	EndGlobalSection
EndGlobal
